
Microsoft Visual Studio Solution File, Format Version 12.00
# Visual Studio Version 17
VisualStudioVersion = 17.10.35013.160
MinimumVisualStudioVersion = 10.0.40219.1
Project("{8BC9CEB8-8B4A-11D0-8D11-00A0C91BC942}") = "Day_1", "Day_1\Day_1.vcxproj", "{BA8265BE-431E-4A38-B05B-5A1A77225858}"
EndProject
Global
	GlobalSection(SolutionConfigurationPlatforms) = preSolution
		Debug|x64 = Debug|x64
		Debug|x86 = Debug|x86
		Release|x64 = Release|x64
		Release|x86 = Release|x86
	EndGlobalSection
	GlobalSection(ProjectConfigurationPlatforms) = postSolution
		{BA8265BE-431E-4A38-B05B-5A1A77225858}.Debug|x64.ActiveCfg = Debug|x64
		{BA8265BE-431E-4A38-B05B-5A1A77225858}.Debug|x64.Build.0 = Debug|x64
		{BA8265BE-431E-4A38-B05B-5A1A77225858}.Debug|x86.ActiveCfg = Debug|Win32
		{BA8265BE-431E-4A38-B05B-5A1A77225858}.Debug|x86.Build.0 = Debug|Win32
		{BA8265BE-431E-4A38-B05B-5A1A77225858}.Release|x64.ActiveCfg = Release|x64
		{BA8265BE-431E-4A38-B05B-5A1A77225858}.Release|x64.Build.0 = Release|x64
		{BA8265BE-431E-4A38-B05B-5A1A77225858}.Release|x86.ActiveCfg = Release|Win32
		{BA8265BE-431E-4A38-B05B-5A1A77225858}.Release|x86.Build.0 = Release|Win32
	EndGlobalSection
	GlobalSection(SolutionProperties) = preSolution
		HideSolutionNode = FALSE
	EndGlobalSection
	GlobalSection(ExtensibilityGlobals) = postSolution
		SolutionGuid = {AF7DECF3-703F-4DDD-A7F7-1AADE7D74FBA}
	EndGlobalSection
EndGlobal
